<?xml version="1.0" encoding="utf-8"?>
<Project ToolsVersion="4.0" xmlns="http://schemas.microsoft.com/developer/msbuild/2003">
  <ItemGroup>
    <Filter Include="Source Files">
      <UniqueIdentifier>{4FC737F1-C7A5-4376-A066-2A32D752A2FF}</UniqueIdentifier>
      <Extensions>cpp;c;cc;cxx;def;odl;idl;hpj;bat;asm;asmx</Extensions>
    </Filter>
    <Filter Include="Header Files">
      <UniqueIdentifier>{93995380-89BD-4b04-88EB-625FBE52EBFB}</UniqueIdentifier>
      <Extensions>h;hh;hpp;hxx;hm;inl;inc;ipp;xsd</Extensions>
    </Filter>
    <Filter Include="Resource Files">
      <UniqueIdentifier>{67DA6AB6-F800-4c08-8B7A-83BB121AAD01}</UniqueIdentifier>
      <Extensions>rc;ico;cur;bmp;dlg;rc2;rct;bin;rgs;gif;jpg;jpeg;jpe;resx;tiff;tif;png;wav;mfcribbon-ms</Extensions>
    </Filter>
    <Filter Include="Scenes">
      <UniqueIdentifier>{4cf3fa7d-69d6-4bc9-be12-f36fb9302bc9}</UniqueIdentifier>
    </Filter>
    <Filter Include="Objects">
      <UniqueIdentifier>{cebe87c5-4557-46b2-98fb-237b2117cca5}</UniqueIdentifier>
    </Filter>
    <Filter Include="Objects\Data Classes">
      <UniqueIdentifier>{289ba3f9-ba67-480a-afd8-231dbb14baf7}</UniqueIdentifier>
    </Filter>
    <Filter Include="Objects\WIP">
      <UniqueIdentifier>{f3e03c3f-3ea8-4c92-a03e-d90dc901ca6e}</UniqueIdentifier>
    </Filter>
    <Filter Include="Managers">
      <UniqueIdentifier>{6d314189-3440-4692-82d1-5c870bcb2c9f}</UniqueIdentifier>
    </Filter>
    <Filter Include="IMGUI">
      <UniqueIdentifier>{35734975-d54b-4824-864a-42d9557d23e3}</UniqueIdentifier>
    </Filter>
  </ItemGroup>
  <ItemGroup>
    <ClCompile Include="Main.cpp">
      <Filter>Source Files</Filter>
    </ClCompile>
    <ClCompile Include="GameObject.cpp">
      <Filter>Source Files</Filter>
    </ClCompile>
    <ClCompile Include="FSM.cpp">
      <Filter>Scenes</Filter>
    </ClCompile>
    <ClCompile Include="Engine.cpp">
      <Filter>Source Files</Filter>
    </ClCompile>
    <ClCompile Include="Unit.cpp">
      <Filter>Objects</Filter>
    </ClCompile>
    <ClCompile Include="Merc.cpp">
      <Filter>Objects</Filter>
    </ClCompile>
    <ClCompile Include="Job.cpp">
      <Filter>Objects\Data Classes</Filter>
    </ClCompile>
    <ClCompile Include="Race.cpp">
      <Filter>Objects\Data Classes</Filter>
    </ClCompile>
    <ClCompile Include="Label.cpp">
      <Filter>Objects</Filter>
    </ClCompile>
    <ClCompile Include="Util.cpp">
      <Filter>Source Files</Filter>
    </ClCompile>
    <ClCompile Include="UnitProfile.cpp">
      <Filter>Objects</Filter>
    </ClCompile>
    <ClCompile Include="HexCoordinates.cpp">
      <Filter>Objects\WIP</Filter>
    </ClCompile>
    <ClCompile Include="PlayState.cpp">
      <Filter>Scenes</Filter>
    </ClCompile>
    <ClCompile Include="State.cpp">
      <Filter>Scenes</Filter>
    </ClCompile>
    <ClCompile Include="FontManager.cpp">
      <Filter>Managers</Filter>
    </ClCompile>
    <ClCompile Include="TextureManager.cpp">
      <Filter>Managers</Filter>
    </ClCompile>
    <ClCompile Include="EventManager.cpp">
      <Filter>Managers</Filter>
    </ClCompile>
    <ClCompile Include="GameController.cpp">
      <Filter>Source Files</Filter>
    </ClCompile>
    <ClCompile Include="IMGUI\imgui.cpp">
      <Filter>IMGUI</Filter>
    </ClCompile>
    <ClCompile Include="IMGUI\imgui_demo.cpp">
      <Filter>IMGUI</Filter>
    </ClCompile>
    <ClCompile Include="IMGUI\imgui_draw.cpp">
      <Filter>IMGUI</Filter>
    </ClCompile>
    <ClCompile Include="IMGUI\imgui_widgets.cpp">
      <Filter>IMGUI</Filter>
    </ClCompile>
    <ClCompile Include="IMGUI_SDL\imgui_sdl.cpp">
      <Filter>IMGUI</Filter>
    </ClCompile>
    <ClCompile Include="Button.cpp">
      <Filter>Objects</Filter>
    </ClCompile>
    <ClCompile Include="UIControl.cpp">
      <Filter>Objects</Filter>
    </ClCompile>
    <ClCompile Include="Camera.cpp">
      <Filter>Source Files</Filter>
    </ClCompile>
  </ItemGroup>
  <ItemGroup>
    <ClInclude Include="FSM.h">
      <Filter>Scenes</Filter>
    </ClInclude>
    <ClInclude Include="Engine.h">
      <Filter>Header Files</Filter>
    </ClInclude>
    <ClInclude Include="Unit.h">
      <Filter>Objects</Filter>
    </ClInclude>
    <ClInclude Include="Merc.h">
      <Filter>Objects</Filter>
    </ClInclude>
    <ClInclude Include="Job.h">
      <Filter>Objects\Data Classes</Filter>
    </ClInclude>
    <ClInclude Include="JobEnum.h">
      <Filter>Objects\Data Classes</Filter>
    </ClInclude>
    <ClInclude Include="Race.h">
      <Filter>Objects\Data Classes</Filter>
    </ClInclude>
    <ClInclude Include="GameObject.h">
      <Filter>Header Files</Filter>
    </ClInclude>
    <ClInclude Include="RaceEnum.h">
      <Filter>Objects\Data Classes</Filter>
    </ClInclude>
    <ClInclude Include="Label.h">
      <Filter>Objects</Filter>
    </ClInclude>
    <ClInclude Include="Config.h">
      <Filter>Header Files</Filter>
    </ClInclude>
    <ClInclude Include="Util.h">
      <Filter>Header Files</Filter>
    </ClInclude>
    <ClInclude Include="UnitProfile.h">
      <Filter>Objects</Filter>
    </ClInclude>
    <ClInclude Include="HexCoordinates.h">
      <Filter>Objects\WIP</Filter>
    </ClInclude>
    <ClInclude Include="PlayState.h">
      <Filter>Scenes</Filter>
    </ClInclude>
    <ClInclude Include="State.h">
      <Filter>Scenes</Filter>
    </ClInclude>
    <ClInclude Include="FontManager.h">
      <Filter>Managers</Filter>
    </ClInclude>
    <ClInclude Include="TextureManager.h">
      <Filter>Managers</Filter>
    </ClInclude>
    <ClInclude Include="EventManager.h">
      <Filter>Managers</Filter>
    </ClInclude>
    <ClInclude Include="GameController.h">
      <Filter>Source Files</Filter>
    </ClInclude>
    <ClInclude Include="IMGUI\imgui.h">
      <Filter>IMGUI</Filter>
    </ClInclude>
    <ClInclude Include="IMGUI\imgui_internal.h">
      <Filter>IMGUI</Filter>
    </ClInclude>
    <ClInclude Include="IMGUI\imstb_rectpack.h">
      <Filter>IMGUI</Filter>
    </ClInclude>
    <ClInclude Include="IMGUI\imstb_textedit.h">
      <Filter>IMGUI</Filter>
    </ClInclude>
    <ClInclude Include="IMGUI\imstb_truetype.h">
      <Filter>IMGUI</Filter>
    </ClInclude>
    <ClInclude Include="IMGUI_SDL\imgui_sdl.h">
      <Filter>IMGUI</Filter>
    </ClInclude>
    <ClInclude Include="Button.h">
      <Filter>Objects</Filter>
    </ClInclude>
    <ClInclude Include="UIControl.h">
      <Filter>Objects</Filter>
    </ClInclude>
    <ClInclude Include="Camera.h">
      <Filter>Header Files</Filter>
    </ClInclude>
  </ItemGroup>
</Project>